
Microsoft Visual Studio Solution File, Format Version 12.00
# Visual Studio Version 17
VisualStudioVersion = 17.11.35219.272
MinimumVisualStudioVersion = 10.0.40219.1
Project("{9A19103F-16F7-4668-BE54-9A1E7A4F7556}") = "SnapCLI", "src\SnapCLI\SnapCLI.csproj", "{09CFDA7C-0FDF-4459-A830-0BD5867FF82E}"
EndProject
Project("{9A19103F-16F7-4668-BE54-9A1E7A4F7556}") = "SnapCLI.DataAnnotations", "src\SnapCLI.DataAnnotations\SnapCLI.DataAnnotations.csproj", "{75238CCC-E107-4527-BE1C-DD4EA023D1E7}"
	ProjectSection(ProjectDependencies) = postProject
		{09CFDA7C-0FDF-4459-A830-0BD5867FF82E} = {09CFDA7C-0FDF-4459-A830-0BD5867FF82E}
	EndProjectSection
EndProject
Project("{2150E333-8FDC-42A3-9474-1A3956D46DE8}") = "Samples", "Samples", "{C719450D-1E92-4D19-947C-AE2FD15876B1}"
EndProject
Project("{2150E333-8FDC-42A3-9474-1A3956D46DE8}") = "Common", "Common", "{53C7A07E-A5DA-416D-A247-E38A8F35ADF7}"
	ProjectSection(SolutionItems) = preProject
		Directory.Build.props = Directory.Build.props
		LICENSE-command-line-api.md = LICENSE-command-line-api.md
		LICENSE.md = LICENSE.md
	EndProjectSection
EndProject
Project("{9A19103F-16F7-4668-BE54-9A1E7A4F7556}") = "Tests", "tests\Tests.csproj", "{4B9EA61D-2298-4A93-AB36-73989C1C6444}"
EndProject
Project("{9A19103F-16F7-4668-BE54-9A1E7A4F7556}") = "inventory", "samples\inventory\inventory.csproj", "{08EB9725-D5B9-4DBF-A5A4-DEFF6A67DBA7}"
EndProject
Project("{9A19103F-16F7-4668-BE54-9A1E7A4F7556}") = "minimal", "samples\minimal\minimal.csproj", "{7BFE6305-E7EA-4503-9893-3412471DC404}"
EndProject
Project("{9A19103F-16F7-4668-BE54-9A1E7A4F7556}") = "quotes", "samples\quotes\quotes.csproj", "{3B0A6C17-6CF2-4F08-A62B-3C1D907B8FA4}"
EndProject
Project("{2150E333-8FDC-42A3-9474-1A3956D46DE8}") = "Docs", "Docs", "{7ABD6BA0-1A5D-4F22-A5FB-9009E3BB19B6}"
	ProjectSection(SolutionItems) = preProject
		docs\Documentation.md = docs\Documentation.md
		docs\Motivation.md = docs\Motivation.md
	EndProjectSection
EndProject
Global
	GlobalSection(SolutionConfigurationPlatforms) = preSolution
		Debug|Any CPU = Debug|Any CPU
		Release|Any CPU = Release|Any CPU
	EndGlobalSection
	GlobalSection(ProjectConfigurationPlatforms) = postSolution
		{09CFDA7C-0FDF-4459-A830-0BD5867FF82E}.Debug|Any CPU.ActiveCfg = Debug|Any CPU
		{09CFDA7C-0FDF-4459-A830-0BD5867FF82E}.Debug|Any CPU.Build.0 = Debug|Any CPU
		{09CFDA7C-0FDF-4459-A830-0BD5867FF82E}.Release|Any CPU.ActiveCfg = Release|Any CPU
		{09CFDA7C-0FDF-4459-A830-0BD5867FF82E}.Release|Any CPU.Build.0 = Release|Any CPU
		{75238CCC-E107-4527-BE1C-DD4EA023D1E7}.Debug|Any CPU.ActiveCfg = Debug|Any CPU
		{75238CCC-E107-4527-BE1C-DD4EA023D1E7}.Debug|Any CPU.Build.0 = Debug|Any CPU
		{75238CCC-E107-4527-BE1C-DD4EA023D1E7}.Release|Any CPU.ActiveCfg = Release|Any CPU
		{75238CCC-E107-4527-BE1C-DD4EA023D1E7}.Release|Any CPU.Build.0 = Release|Any CPU
		{4B9EA61D-2298-4A93-AB36-73989C1C6444}.Debug|Any CPU.ActiveCfg = Debug|Any CPU
		{4B9EA61D-2298-4A93-AB36-73989C1C6444}.Debug|Any CPU.Build.0 = Debug|Any CPU
		{4B9EA61D-2298-4A93-AB36-73989C1C6444}.Release|Any CPU.ActiveCfg = Release|Any CPU
		{4B9EA61D-2298-4A93-AB36-73989C1C6444}.Release|Any CPU.Build.0 = Release|Any CPU
		{08EB9725-D5B9-4DBF-A5A4-DEFF6A67DBA7}.Debug|Any CPU.ActiveCfg = Debug|Any CPU
		{08EB9725-D5B9-4DBF-A5A4-DEFF6A67DBA7}.Debug|Any CPU.Build.0 = Debug|Any CPU
		{08EB9725-D5B9-4DBF-A5A4-DEFF6A67DBA7}.Release|Any CPU.ActiveCfg = Release|Any CPU
		{08EB9725-D5B9-4DBF-A5A4-DEFF6A67DBA7}.Release|Any CPU.Build.0 = Release|Any CPU
		{7BFE6305-E7EA-4503-9893-3412471DC404}.Debug|Any CPU.ActiveCfg = Debug|Any CPU
		{7BFE6305-E7EA-4503-9893-3412471DC404}.Debug|Any CPU.Build.0 = Debug|Any CPU
		{7BFE6305-E7EA-4503-9893-3412471DC404}.Release|Any CPU.ActiveCfg = Release|Any CPU
		{7BFE6305-E7EA-4503-9893-3412471DC404}.Release|Any CPU.Build.0 = Release|Any CPU
		{3B0A6C17-6CF2-4F08-A62B-3C1D907B8FA4}.Debug|Any CPU.ActiveCfg = Debug|Any CPU
		{3B0A6C17-6CF2-4F08-A62B-3C1D907B8FA4}.Debug|Any CPU.Build.0 = Debug|Any CPU
		{3B0A6C17-6CF2-4F08-A62B-3C1D907B8FA4}.Release|Any CPU.ActiveCfg = Release|Any CPU
		{3B0A6C17-6CF2-4F08-A62B-3C1D907B8FA4}.Release|Any CPU.Build.0 = Release|Any CPU
	EndGlobalSection
	GlobalSection(SolutionProperties) = preSolution
		HideSolutionNode = FALSE
	EndGlobalSection
	GlobalSection(NestedProjects) = preSolution
		{08EB9725-D5B9-4DBF-A5A4-DEFF6A67DBA7} = {C719450D-1E92-4D19-947C-AE2FD15876B1}
		{7BFE6305-E7EA-4503-9893-3412471DC404} = {C719450D-1E92-4D19-947C-AE2FD15876B1}
		{3B0A6C17-6CF2-4F08-A62B-3C1D907B8FA4} = {C719450D-1E92-4D19-947C-AE2FD15876B1}
	EndGlobalSection
	GlobalSection(ExtensibilityGlobals) = postSolution
		SolutionGuid = {8988C191-7077-4875-80C1-D38FF72363FE}
	EndGlobalSection
EndGlobal
